
Microsoft Visual Studio Solution File, Format Version 12.00
# Visual Studio Version 16
VisualStudioVersion = 16.0.30907.101
MinimumVisualStudioVersion = 10.0.40219.1
Project("{FAE04EC0-301F-11D3-BF4B-00C04F79EFBC}") = "BlazorPagesWasm", "BlazorPagesWasm.csproj", "{11840AD3-2D94-40A1-88E8-535E1C2717A2}"
EndProject
Global
	GlobalSection(SolutionConfigurationPlatforms) = preSolution
		Debug|Any CPU = Debug|Any CPU
		Release|Any CPU = Release|Any CPU
	EndGlobalSection
	GlobalSection(ProjectConfigurationPlatforms) = postSolution
		{11840AD3-2D94-40A1-88E8-535E1C2717A2}.Debug|Any CPU.ActiveCfg = Debug|Any CPU
		{11840AD3-2D94-40A1-88E8-535E1C2717A2}.Debug|Any CPU.Build.0 = Debug|Any CPU
		{11840AD3-2D94-40A1-88E8-535E1C2717A2}.Release|Any CPU.ActiveCfg = Release|Any CPU
		{11840AD3-2D94-40A1-88E8-535E1C2717A2}.Release|Any CPU.Build.0 = Release|Any CPU
	EndGlobalSection
	GlobalSection(SolutionProperties) = preSolution
		HideSolutionNode = FALSE
	EndGlobalSection
	GlobalSection(ExtensibilityGlobals) = postSolution
		SolutionGuid = {98B1EF33-357F-4641-8234-4FB31FF580FE}
	EndGlobalSection
EndGlobal
